
Microsoft Visual Studio Solution File, Format Version 12.00
# Visual Studio Version 17
VisualStudioVersion = 17.11.35327.3
MinimumVisualStudioVersion = 10.0.40219.1
Project("{FAE04EC0-301F-11D3-BF4B-00C04F79EFBC}") = "randomNumberGame", "randomNumberGame\randomNumberGame.csproj", "{78EE34F9-2552-4AE8-A818-B00BB08B20E3}"
EndProject
Global
	GlobalSection(SolutionConfigurationPlatforms) = preSolution
		Debug|Any CPU = Debug|Any CPU
		Release|Any CPU = Release|Any CPU
	EndGlobalSection
	GlobalSection(ProjectConfigurationPlatforms) = postSolution
		{78EE34F9-2552-4AE8-A818-B00BB08B20E3}.Debug|Any CPU.ActiveCfg = Debug|Any CPU
		{78EE34F9-2552-4AE8-A818-B00BB08B20E3}.Debug|Any CPU.Build.0 = Debug|Any CPU
		{78EE34F9-2552-4AE8-A818-B00BB08B20E3}.Release|Any CPU.ActiveCfg = Release|Any CPU
		{78EE34F9-2552-4AE8-A818-B00BB08B20E3}.Release|Any CPU.Build.0 = Release|Any CPU
	EndGlobalSection
	GlobalSection(SolutionProperties) = preSolution
		HideSolutionNode = FALSE
	EndGlobalSection
	GlobalSection(ExtensibilityGlobals) = postSolution
		SolutionGuid = {45FF9F1A-2741-42BA-98A4-A28429FAD2C0}
	EndGlobalSection
EndGlobal
